
Microsoft Visual Studio Solution File, Format Version 12.00
# Visual Studio Version 17
VisualStudioVersion = 17.3.32901.215
MinimumVisualStudioVersion = 10.0.40219.1
Project("{FAE04EC0-301F-11D3-BF4B-00C04F79EFBC}") = "Project1", "Project1\Project1.csproj", "{137A4FB2-24FD-4EDE-910D-3AA6E57C925D}"
EndProject
Global
	GlobalSection(SolutionConfigurationPlatforms) = preSolution
		Debug|Any CPU = Debug|Any CPU
		Release|Any CPU = Release|Any CPU
	EndGlobalSection
	GlobalSection(ProjectConfigurationPlatforms) = postSolution
		{137A4FB2-24FD-4EDE-910D-3AA6E57C925D}.Debug|Any CPU.ActiveCfg = Debug|Any CPU
		{137A4FB2-24FD-4EDE-910D-3AA6E57C925D}.Debug|Any CPU.Build.0 = Debug|Any CPU
		{137A4FB2-24FD-4EDE-910D-3AA6E57C925D}.Release|Any CPU.ActiveCfg = Release|Any CPU
		{137A4FB2-24FD-4EDE-910D-3AA6E57C925D}.Release|Any CPU.Build.0 = Release|Any CPU
	EndGlobalSection
	GlobalSection(SolutionProperties) = preSolution
		HideSolutionNode = FALSE
	EndGlobalSection
	GlobalSection(ExtensibilityGlobals) = postSolution
		SolutionGuid = {F3296AEB-81B1-4B85-894A-1ACD921C53FB}
	EndGlobalSection
EndGlobal
